
Terraform used the selected providers to generate the following execution
plan. Resource actions are indicated with the following symbols:
  [32m+[0m create[0m

Terraform will perform the following actions:

[1m  # google_bigquery_dataset.dataset[0m will be created
[0m  [32m+[0m[0m resource "google_bigquery_dataset" "dataset" {
      [32m+[0m[0m creation_time              = (known after apply)
      [32m+[0m[0m dataset_id                 = "dataset_394839482"
      [32m+[0m[0m default_collation          = (known after apply)
      [32m+[0m[0m delete_contents_on_destroy = true
      [32m+[0m[0m effective_labels           = {
          [32m+[0m[0m "goog-terraform-provisioned" = "true"
        }
      [32m+[0m[0m etag                       = (known after apply)
      [32m+[0m[0m id                         = (known after apply)
      [32m+[0m[0m is_case_insensitive        = (known after apply)
      [32m+[0m[0m last_modified_time         = (known after apply)
      [32m+[0m[0m location                   = "US"
      [32m+[0m[0m max_time_travel_hours      = (known after apply)
      [32m+[0m[0m project                    = "composed-sun-467220-e1"
      [32m+[0m[0m self_link                  = (known after apply)
      [32m+[0m[0m storage_billing_model      = (known after apply)
      [32m+[0m[0m terraform_labels           = {
          [32m+[0m[0m "goog-terraform-provisioned" = "true"
        }

      [32m+[0m[0m access (known after apply)
    }

[1m  # google_compute_instance.vm[0m will be created
[0m  [32m+[0m[0m resource "google_compute_instance" "vm" {
      [32m+[0m[0m can_ip_forward       = false
      [32m+[0m[0m cpu_platform         = (known after apply)
      [32m+[0m[0m current_status       = (known after apply)
      [32m+[0m[0m deletion_protection  = false
      [32m+[0m[0m effective_labels     = {
          [32m+[0m[0m "goog-terraform-provisioned" = "true"
        }
      [32m+[0m[0m id                   = (known after apply)
      [32m+[0m[0m instance_id          = (known after apply)
      [32m+[0m[0m label_fingerprint    = (known after apply)
      [32m+[0m[0m machine_type         = "e2-micro"
      [32m+[0m[0m metadata_fingerprint = (known after apply)
      [32m+[0m[0m min_cpu_platform     = (known after apply)
      [32m+[0m[0m name                 = "instance-20250925-203432"
      [32m+[0m[0m project              = "composed-sun-467220-e1"
      [32m+[0m[0m self_link            = (known after apply)
      [32m+[0m[0m tags_fingerprint     = (known after apply)
      [32m+[0m[0m terraform_labels     = {
          [32m+[0m[0m "goog-terraform-provisioned" = "true"
        }
      [32m+[0m[0m zone                 = "us-central1-c"

      [32m+[0m[0m boot_disk {
          [32m+[0m[0m auto_delete                = true
          [32m+[0m[0m device_name                = (known after apply)
          [32m+[0m[0m disk_encryption_key_sha256 = (known after apply)
          [32m+[0m[0m kms_key_self_link          = (known after apply)
          [32m+[0m[0m mode                       = "READ_WRITE"
          [32m+[0m[0m source                     = (known after apply)

          [32m+[0m[0m initialize_params {
              [32m+[0m[0m image                  = "debian-cloud/debian-11"
              [32m+[0m[0m labels                 = (known after apply)
              [32m+[0m[0m provisioned_iops       = (known after apply)
              [32m+[0m[0m provisioned_throughput = (known after apply)
              [32m+[0m[0m resource_policies      = (known after apply)
              [32m+[0m[0m size                   = (known after apply)
              [32m+[0m[0m type                   = (known after apply)
            }
        }

      [32m+[0m[0m confidential_instance_config (known after apply)

      [32m+[0m[0m guest_accelerator (known after apply)

      [32m+[0m[0m network_interface {
          [32m+[0m[0m internal_ipv6_prefix_length = (known after apply)
          [32m+[0m[0m ipv6_access_type            = (known after apply)
          [32m+[0m[0m ipv6_address                = (known after apply)
          [32m+[0m[0m name                        = (known after apply)
          [32m+[0m[0m network                     = "default"
          [32m+[0m[0m network_ip                  = (known after apply)
          [32m+[0m[0m stack_type                  = (known after apply)
          [32m+[0m[0m subnetwork                  = (known after apply)
          [32m+[0m[0m subnetwork_project          = (known after apply)

          [32m+[0m[0m access_config {
              [32m+[0m[0m nat_ip       = (known after apply)
              [32m+[0m[0m network_tier = (known after apply)
            }
        }

      [32m+[0m[0m reservation_affinity (known after apply)

      [32m+[0m[0m scheduling (known after apply)
    }

[1m  # google_storage_bucket.bucket[0m will be created
[0m  [32m+[0m[0m resource "google_storage_bucket" "bucket" {
      [32m+[0m[0m effective_labels            = {
          [32m+[0m[0m "goog-terraform-provisioned" = "true"
        }
      [32m+[0m[0m force_destroy               = true
      [32m+[0m[0m id                          = (known after apply)
      [32m+[0m[0m location                    = "US-CENTRAL1"
      [32m+[0m[0m name                        = "test-bucket-424-9b123"
      [32m+[0m[0m project                     = (known after apply)
      [32m+[0m[0m project_number              = (known after apply)
      [32m+[0m[0m public_access_prevention    = (known after apply)
      [32m+[0m[0m rpo                         = (known after apply)
      [32m+[0m[0m self_link                   = (known after apply)
      [32m+[0m[0m storage_class               = "STANDARD"
      [32m+[0m[0m terraform_labels            = {
          [32m+[0m[0m "goog-terraform-provisioned" = "true"
        }
      [32m+[0m[0m uniform_bucket_level_access = true
      [32m+[0m[0m url                         = (known after apply)

      [32m+[0m[0m soft_delete_policy (known after apply)

      [32m+[0m[0m versioning (known after apply)

      [32m+[0m[0m website (known after apply)
    }

[1mPlan:[0m 3 to add, 0 to change, 0 to destroy.
[0m[90m
─────────────────────────────────────────────────────────────────────────────[0m

Saved the plan to: tfplan

To perform exactly these actions, run the following command to apply:
    terraform apply "tfplan"
